
Microsoft Visual Studio Solution File, Format Version 12.00
# Visual Studio Version 17
VisualStudioVersion = 17.7.34221.43
MinimumVisualStudioVersion = 10.0.40219.1
Project("{FAE04EC0-301F-11D3-BF4B-00C04F79EFBC}") = "MitraKaryaSystem", "MitraKaryaSystem\MitraKaryaSystem.csproj", "{B70F17D7-707B-4A2D-9360-3BD6D834ECB9}"
EndProject
Project("{FAE04EC0-301F-11D3-BF4B-00C04F79EFBC}") = "API", "API\API.csproj", "{E8A7AAE0-A504-4980-86B6-A174FFA21259}"
EndProject
Global
	GlobalSection(SolutionConfigurationPlatforms) = preSolution
		Debug|Any CPU = Debug|Any CPU
		Release|Any CPU = Release|Any CPU
	EndGlobalSection
	GlobalSection(ProjectConfigurationPlatforms) = postSolution
		{B70F17D7-707B-4A2D-9360-3BD6D834ECB9}.Debug|Any CPU.ActiveCfg = Debug|Any CPU
		{B70F17D7-707B-4A2D-9360-3BD6D834ECB9}.Debug|Any CPU.Build.0 = Debug|Any CPU
		{B70F17D7-707B-4A2D-9360-3BD6D834ECB9}.Release|Any CPU.ActiveCfg = Release|Any CPU
		{B70F17D7-707B-4A2D-9360-3BD6D834ECB9}.Release|Any CPU.Build.0 = Release|Any CPU
		{E8A7AAE0-A504-4980-86B6-A174FFA21259}.Debug|Any CPU.ActiveCfg = Debug|Any CPU
		{E8A7AAE0-A504-4980-86B6-A174FFA21259}.Debug|Any CPU.Build.0 = Debug|Any CPU
		{E8A7AAE0-A504-4980-86B6-A174FFA21259}.Release|Any CPU.ActiveCfg = Release|Any CPU
		{E8A7AAE0-A504-4980-86B6-A174FFA21259}.Release|Any CPU.Build.0 = Release|Any CPU
	EndGlobalSection
	GlobalSection(SolutionProperties) = preSolution
		HideSolutionNode = FALSE
	EndGlobalSection
	GlobalSection(ExtensibilityGlobals) = postSolution
		SolutionGuid = {2E81E649-49FF-4EF6-9631-959EBF0E40C8}
	EndGlobalSection
EndGlobal
